
Microsoft Visual Studio Solution File, Format Version 12.00
# Visual Studio Version 16
VisualStudioVersion = 16.0.30611.23
MinimumVisualStudioVersion = 10.0.40219.1
Project("{FAE04EC0-301F-11D3-BF4B-00C04F79EFBC}") = "idle-kd", "idle-kd\idle-kd.csproj", "{BC13034A-A5AE-4C6B-A75D-BB7AF332BE7A}"
EndProject
Global
	GlobalSection(SolutionConfigurationPlatforms) = preSolution
		Debug|Any CPU = Debug|Any CPU
		Release|Any CPU = Release|Any CPU
	EndGlobalSection
	GlobalSection(ProjectConfigurationPlatforms) = postSolution
		{BC13034A-A5AE-4C6B-A75D-BB7AF332BE7A}.Debug|Any CPU.ActiveCfg = Debug|Any CPU
		{BC13034A-A5AE-4C6B-A75D-BB7AF332BE7A}.Debug|Any CPU.Build.0 = Debug|Any CPU
		{BC13034A-A5AE-4C6B-A75D-BB7AF332BE7A}.Release|Any CPU.ActiveCfg = Release|Any CPU
		{BC13034A-A5AE-4C6B-A75D-BB7AF332BE7A}.Release|Any CPU.Build.0 = Release|Any CPU
	EndGlobalSection
	GlobalSection(SolutionProperties) = preSolution
		HideSolutionNode = FALSE
	EndGlobalSection
	GlobalSection(ExtensibilityGlobals) = postSolution
		SolutionGuid = {499A4D5D-FF50-41AD-AE20-4E06312B269D}
	EndGlobalSection
EndGlobal
